
Microsoft Visual Studio Solution File, Format Version 12.00
# Visual Studio 15
VisualStudioVersion = 15.0.28307.136
MinimumVisualStudioVersion = 10.0.40219.1
Project("{FAE04EC0-301F-11D3-BF4B-00C04F79EFBC}") = "SearchTicketBot", "SearchTicketBot\SearchTicketBot.csproj", "{8A07E101-F57D-44CE-A489-BC58A3732921}"
EndProject
Global
	GlobalSection(SolutionConfigurationPlatforms) = preSolution
		Debug|Any CPU = Debug|Any CPU
		Release|Any CPU = Release|Any CPU
	EndGlobalSection
	GlobalSection(ProjectConfigurationPlatforms) = postSolution
		{8A07E101-F57D-44CE-A489-BC58A3732921}.Debug|Any CPU.ActiveCfg = Debug|Any CPU
		{8A07E101-F57D-44CE-A489-BC58A3732921}.Debug|Any CPU.Build.0 = Debug|Any CPU
		{8A07E101-F57D-44CE-A489-BC58A3732921}.Release|Any CPU.ActiveCfg = Release|Any CPU
		{8A07E101-F57D-44CE-A489-BC58A3732921}.Release|Any CPU.Build.0 = Release|Any CPU
	EndGlobalSection
	GlobalSection(SolutionProperties) = preSolution
		HideSolutionNode = FALSE
	EndGlobalSection
	GlobalSection(ExtensibilityGlobals) = postSolution
		SolutionGuid = {0ABD3EE2-8E98-4C13-9609-F0A5280CD139}
	EndGlobalSection
EndGlobal
